version = 1
revision = 3
requires-python = ">=3.11"

[[package]]
name = "ontoenv"
source = { editable = "../python" }
dependencies = [
    { name = "oxrdflib" },
    { name = "rdflib" },
]

[package.metadata]
requires-dist = [
    { name = "oxrdflib", specifier = ">=0.5" },
    { name = "rdflib", specifier = ">=7.1.3" },
]

[package.metadata.requires-dev]
dev = [
    { name = "maturin", specifier = ">=1.9.0" },
    { name = "pytest", specifier = ">=8.3.5" },
]

[[package]]
name = "oxrdflib"
version = "0.5.0"
source = { registry = "https://pypi.org/simple" }
dependencies = [
    { name = "pyoxigraph" },
    { name = "rdflib" },
]
sdist = { url = "https://files.pythonhosted.org/packages/ec/97/589f244d9a12e033f5216595ef17e7975aabe7f906f709a3a8d1cde37288/oxrdflib-0.5.0.tar.gz", hash = "sha256:f83148e2c6d443f7718c6e8936c6b89e36ebb4f1002da69e8f0656e8fb5a0df2", size = 7708, upload-time = "2025-09-13T19:11:32.584Z" }
wheels = [
    { url = "https://files.pythonhosted.org/packages/c6/f7/9cee8d87f202f88d93179db083508c898deac42b235ff20ade1f456770a1/oxrdflib-0.5.0-py3-none-any.whl", hash = "sha256:dbe7b57bddca1b2acaf93c71ce3cf2022be8e673052e05ad317682cb9c56b559", size = 9925, upload-time = "2025-09-13T19:11:31.368Z" },
]

[[package]]
name = "pyontoenv"
version = "0.6.0a2"
source = { editable = "." }
dependencies = [
    { name = "ontoenv" },
]

[package.metadata]
requires-dist = [{ name = "ontoenv", editable = "../python" }]

[[package]]
name = "pyoxigraph"
version = "0.5.8"
source = { registry = "https://pypi.org/simple" }
sdist = { url = "https://files.pythonhosted.org/packages/ce/fd/21f10f55194b527348005c54ea87612d1af795be63db19e0abe6530d9920/pyoxigraph-0.5.8.tar.gz", hash = "sha256:c9fd2e3537fdd96d3895af259aefdc6f40b86a3f969d68fd3fe3cbf9f707f462", size = 5305516, upload-time = "2026-04-28T20:43:18.665Z" }
wheels = [
    { url = "https://files.pythonhosted.org/packages/17/9f/b5eb3254b63661b9f7f7d12bded5e70148fb5d56bac0fae3b529ce2cdb16/pyoxigraph-0.5.8-cp311-cp311-manylinux_2_28_aarch64.whl", hash = "sha256:164b9b41769cdc5ac93ff37f1dd418fe2970a839e6bb283a5f095224a10bae3f", size = 7702679, upload-time = "2026-04-28T20:42:19.24Z" },
    { url = "https://files.pythonhosted.org/packages/41/dd/8ad52b1ae147c948bd2f217fc9c71cd02211a5570dc9e43ecb04b19cf3fa/pyoxigraph-0.5.8-cp311-cp311-manylinux_2_28_x86_64.whl", hash = "sha256:d7aa10a7c3e00cfccae819bbf040cef396db5304d5ea9890317fd8031e844684", size = 8220803, upload-time = "2026-04-28T20:42:21.13Z" },
    { url = "https://files.pythonhosted.org/packages/1b/3e/1c2e36999ac1884fd4a335c6c6c7aa68e3cb0038599386f7acb75dd0374c/pyoxigraph-0.5.8-cp311-cp311-win_amd64.whl", hash = "sha256:b43865ffdbc86bf8a48d3184272a5e3b1097c5105d9a4f444a6dda1e76763f88", size = 5446937, upload-time = "2026-04-28T20:42:23.056Z" },
    { url = "https://files.pythonhosted.org/packages/f8/58/3bd1419d9264b6027dc758340007951a7b3842dcb7f420c53da62ded33af/pyoxigraph-0.5.8-cp312-cp312-manylinux_2_28_aarch64.whl", hash = "sha256:fa823ed87c34d21331f17c3ff6cd62b2ef188b945b70d741f0a7429d671aa3c9", size = 7704079, upload-time = "2026-04-28T20:42:25.362Z" },
    { url = "https://files.pythonhosted.org/packages/0d/d0/8ef9a7582373e106a4159a7ac59f908a92f6fa1ea776b8bd2289fdebd764/pyoxigraph-0.5.8-cp312-cp312-manylinux_2_28_x86_64.whl", hash = "sha256:567618c3595c27caa64dff479a679592bc455af6b4afc3b24ca120fb2eed8327", size = 8224731, upload-time = "2026-04-28T20:42:27.323Z" },
    { url = "https://files.pythonhosted.org/packages/61/88/68ae76c58171bde3c66b6c019e5b6367f83783a9a44fc5a95bf6b2928f58/pyoxigraph-0.5.8-cp312-cp312-win_amd64.whl", hash = "sha256:7903f0168f6313cacbf0815221dbedbb54606f172a6a3c4623caba42ae64702c", size = 5449186, upload-time = "2026-04-28T20:42:29.498Z" },
    { url = "https://files.pythonhosted.org/packages/b9/02/1759261c7b20c4671a6837083de9ded8122ee6a4cd9b3e9efdbf2ce3dbab/pyoxigraph-0.5.8-cp312-cp312-win_arm64.whl", hash = "sha256:07153608e35514368a157f7427aef6d9be4fcb3b32a0b2edc0c849d85627d981", size = 5073598, upload-time = "2026-04-28T20:42:31.32Z" },
    { url = "https://files.pythonhosted.org/packages/11/90/6bc32bc00d49b86047cc42b0afbdd804da2e0f8d512c14c35d3eef1095c0/pyoxigraph-0.5.8-cp313-cp313-manylinux_2_28_aarch64.whl", hash = "sha256:0bcaa1b7a4c5a2521f5f0fe4d837f29ddd40d3be1ad26e4220ac839eea657a52", size = 7705136, upload-time = "2026-04-28T20:42:32.893Z" },
    { url = "https://files.pythonhosted.org/packages/82/b2/98dc78bbe6c9fe407c04dcf92281eaa58e5b3a9d5a5d31a62b09d004d6b4/pyoxigraph-0.5.8-cp313-cp313-manylinux_2_28_x86_64.whl", hash = "sha256:bd1cfedd6bc7ea0502bb86449881afa4b9b89015aae6608cedcb4e1fd0749924", size = 8225560, upload-time = "2026-04-28T20:42:34.856Z" },
    { url = "https://files.pythonhosted.org/packages/b6/23/562c411d1c55a1e08a645b569980c97f24b8b8effbbaec56a94702e08056/pyoxigraph-0.5.8-cp313-cp313-win_amd64.whl", hash = "sha256:5236e59f26ff1606eb05941df24b9d470a183d11bc904a5722aac23aa8dd1b01", size = 5449722, upload-time = "2026-04-28T20:42:37.186Z" },
    { url = "https://files.pythonhosted.org/packages/0a/18/50e3793b65965a8006f45b8c01839b6f280e3dbcc82098b62108a6d3510f/pyoxigraph-0.5.8-cp313-cp313-win_arm64.whl", hash = "sha256:d324d334379b361646952da7d82cfc0bfb1e411f0e8a1f25f78a301c3bf41137", size = 5074183, upload-time = "2026-04-28T20:42:38.722Z" },
    { url = "https://files.pythonhosted.org/packages/6e/c7/c13220b5e9e12dbcbb8f8c221ae892854e28e600658db7c69d1cfd5bdf1e/pyoxigraph-0.5.8-cp313-cp313t-win_amd64.whl", hash = "sha256:a40b7449d5406aa1c0f6a3511191c484b333f7debaac48e3fcfc804b529dcb84", size = 5447293, upload-time = "2026-04-28T20:42:40.675Z" },
    { url = "https://files.pythonhosted.org/packages/ba/19/640f52f219eda8fa7d40498eaad2b7392e913cea37c31d4389b74037509f/pyoxigraph-0.5.8-cp314-cp314-manylinux_2_28_aarch64.whl", hash = "sha256:914355bdd92455e5538938aeeb15dedfe80ceb2bf7d576e67e00abc3c7a23ce1", size = 7701324, upload-time = "2026-04-28T20:42:42.329Z" },
    { url = "https://files.pythonhosted.org/packages/b1/80/9fa0bd17d17a73e2a14359ba9135fd1721d4d64fe3b38d8625e78a02a484/pyoxigraph-0.5.8-cp314-cp314-manylinux_2_28_x86_64.whl", hash = "sha256:97f9589fdf8b02acd9342b71f118352740012ae97f559eed65c3452d2555ca26", size = 8220766, upload-time = "2026-04-28T20:42:44.07Z" },
    { url = "https://files.pythonhosted.org/packages/b7/f1/e865421c48252992105fda37b78ba82be50abeeee89096b1fb87f56325d0/pyoxigraph-0.5.8-cp314-cp314-win_amd64.whl", hash = "sha256:23d89e6aa3810084b3d9e405a13440e8196d55c3df5d747d4f0307331ee61f11", size = 5447875, upload-time = "2026-04-28T20:42:46.095Z" },
    { url = "https://files.pythonhosted.org/packages/cd/61/d21ed60790aa0a373d8e7761edb042cd494527a7f9ad9d9ff05a276fe8ed/pyoxigraph-0.5.8-cp314-cp314t-manylinux_2_28_aarch64.whl", hash = "sha256:598e409ddf0440734259ff5d30a9d20eb1867c635031188c1cc923e8773289ae", size = 7694353, upload-time = "2026-04-28T20:42:48.288Z" },
    { url = "https://files.pythonhosted.org/packages/83/3e/f41c3fda4b67d1edd534cbc75529071f7e64359404f54e70cb99f4591f1d/pyoxigraph-0.5.8-cp314-cp314t-manylinux_2_28_x86_64.whl", hash = "sha256:8a76d9473ccf0a866443ce2be384ac83b97113345a2929a520c7aab583ce7364", size = 8218478, upload-time = "2026-04-28T20:42:50.147Z" },
    { url = "https://files.pythonhosted.org/packages/57/dd/53be335381c373816e290f445325a7d444f1dbb1d98a00b15b5c93775128/pyoxigraph-0.5.8-cp314-cp314t-win_amd64.whl", hash = "sha256:9e81f6afebcc115c9f43d8b86869f5167f0d52eccb8ca3e5d359905e9a989fad", size = 5441788, upload-time = "2026-04-28T20:42:52.137Z" },
    { url = "https://files.pythonhosted.org/packages/ca/32/9e2dacd0ee4a88e6fb190ac97d7f4832829451e48f993027359fe32f3078/pyoxigraph-0.5.8-cp38-abi3-macosx_10_14_x86_64.whl", hash = "sha256:b925ab74ad7cecab359896964278448d45f777fde94b22df99808f2c52e18376", size = 6328777, upload-time = "2026-04-28T20:42:54.039Z" },
    { url = "https://files.pythonhosted.org/packages/3f/ec/14ec2530f6b96df3199afc0cf67fd79492106530d740d65517fb81d80ec8/pyoxigraph-0.5.8-cp38-abi3-macosx_11_0_arm64.whl", hash = "sha256:88dac8561fbe1bcfe3c2193f5526bc297a3fd03545cd94da6581f7d12d788628", size = 5805509, upload-time = "2026-04-28T20:42:56.206Z" },
    { url = "https://files.pythonhosted.org/packages/83/fa/eab9c5729e31f5e64b7bc54f2be3a6581a446f01690c7c66e9bb9c5f598c/pyoxigraph-0.5.8-cp38-abi3-manylinux_2_28_aarch64.whl", hash = "sha256:af7e42484d8e636ea9dfd12e39862b84067624b62be59f21c16c7e36fff74dfc", size = 7706347, upload-time = "2026-04-28T20:42:57.91Z" },
    { url = "https://files.pythonhosted.org/packages/12/71/7be1d3cfe9fa4e31eb5bea0286e099d24ded457bd2b63da192fe3af72ab8/pyoxigraph-0.5.8-cp38-abi3-manylinux_2_28_x86_64.whl", hash = "sha256:108f6a8c7129ed678bdf12906328e9fea38a88c604b55677b5cb32a3f68daede", size = 8226169, upload-time = "2026-04-28T20:42:59.46Z" },
    { url = "https://files.pythonhosted.org/packages/74/5f/a7165e1d8b9d3797a51a78d190da0a6d3933eccb58f5b502e412ef4ed5ad/pyoxigraph-0.5.8-cp38-abi3-musllinux_1_2_aarch64.whl", hash = "sha256:bc943aebf424e1cd4b00b46f732078d028c365edcb3fc097e802ace8a612fb75", size = 8889357, upload-time = "2026-04-28T20:43:01.206Z" },
    { url = "https://files.pythonhosted.org/packages/7a/46/782e87e77f1a41cba553823f3fb39c2ed77bfb4ae4a39ed68f946a373c48/pyoxigraph-0.5.8-cp38-abi3-musllinux_1_2_x86_64.whl", hash = "sha256:a6d1bc051ea2676495efc25931bd309efb830199150d72948c1c14e94624af8a", size = 9433564, upload-time = "2026-04-28T20:43:04.103Z" },
    { url = "https://files.pythonhosted.org/packages/40/79/3704d8b2013d8de7cc30ee3b12ad142d23e9c779523b0f821114e684aa04/pyoxigraph-0.5.8-cp38-abi3-win_amd64.whl", hash = "sha256:901e711f590945295214868c9ad01118ae89da610fabd4deeef2665e0ecda256", size = 5448135, upload-time = "2026-04-28T20:43:06.188Z" },
    { url = "https://files.pythonhosted.org/packages/c2/88/b881b7a8dc92ae6fb302bcb18f18b15c1782a3c86557a9c0e55bcdb9a146/pyoxigraph-0.5.8-cp38-abi3-win_arm64.whl", hash = "sha256:eb39a617dd0573f2e3a37a86614eaeac974caf77db1243d3fe7148841d0329c9", size = 5072423, upload-time = "2026-04-28T20:43:08.116Z" },
    { url = "https://files.pythonhosted.org/packages/60/f7/748e1229f933012905114cec4d484b1d799f374b6b94e06c209cd103aab1/pyoxigraph-0.5.8-pp311-pypy311_pp73-manylinux_2_28_aarch64.whl", hash = "sha256:ede43c55336fe8bae1607cb2d1586ac3fe29dcf63761616d3aee45cb42395b22", size = 7703814, upload-time = "2026-04-28T20:43:13.253Z" },
    { url = "https://files.pythonhosted.org/packages/ad/0f/6e1bfb7c642c3d0a81e57cbc8b1b539cc7d2fb451eccd975705f5a0978ab/pyoxigraph-0.5.8-pp311-pypy311_pp73-manylinux_2_28_x86_64.whl", hash = "sha256:d42dfd064be0a3f66c2301a0c8501d2079b570625d279e4aabba0e10a9102151", size = 8220892, upload-time = "2026-04-28T20:43:14.881Z" },
    { url = "https://files.pythonhosted.org/packages/fd/d6/69b9e9a9a1bd7124391cae5f71bf3063c30708ea563dad3674dfecb9db98/pyoxigraph-0.5.8-pp311-pypy311_pp73-win_amd64.whl", hash = "sha256:9676f2adad8468cdceb05a72a7b2bcc37683af3ddb37f595c370946f7d9f1543", size = 5446016, upload-time = "2026-04-28T20:43:17.016Z" },
]

[[package]]
name = "pyparsing"
version = "3.3.2"
source = { registry = "https://pypi.org/simple" }
sdist = { url = "https://files.pythonhosted.org/packages/f3/91/9c6ee907786a473bf81c5f53cf703ba0957b23ab84c264080fb5a450416f/pyparsing-3.3.2.tar.gz", hash = "sha256:c777f4d763f140633dcb6d8a3eda953bf7a214dc4eff598413c070bcdc117cbc", size = 6851574, upload-time = "2026-01-21T03:57:59.36Z" }
wheels = [
    { url = "https://files.pythonhosted.org/packages/10/bd/c038d7cc38edc1aa5bf91ab8068b63d4308c66c4c8bb3cbba7dfbc049f9c/pyparsing-3.3.2-py3-none-any.whl", hash = "sha256:850ba148bd908d7e2411587e247a1e4f0327839c40e2e5e6d05a007ecc69911d", size = 122781, upload-time = "2026-01-21T03:57:55.912Z" },
]

[[package]]
name = "rdflib"
version = "7.6.0"
source = { registry = "https://pypi.org/simple" }
dependencies = [
    { name = "pyparsing" },
]
sdist = { url = "https://files.pythonhosted.org/packages/98/f5/18bb77b7af9526add0c727a3b2048959847dc5fb030913e2918bf384fec3/rdflib-7.6.0.tar.gz", hash = "sha256:6c831288d5e4a5a7ece85d0ccde9877d512a3d0f02d7c06455d00d6d0ea379df", size = 4943826, upload-time = "2026-02-13T07:15:55.938Z" }
wheels = [
    { url = "https://files.pythonhosted.org/packages/10/c2/6604a71269e0c1bd75656d5a001432d16f2cc5b8c057140ec797155c295e/rdflib-7.6.0-py3-none-any.whl", hash = "sha256:30c0a3ebf4c0e09215f066be7246794b6492e054e782d7ac2a34c9f70a15e0dd", size = 615416, upload-time = "2026-02-13T07:15:46.487Z" },
]
