# This file is automatically @generated by Poetry 1.8.3 and should not be changed by hand.

[[package]]
name = "isodate"
version = "0.6.1"
description = "An ISO 8601 date/time/duration parser and formatter"
optional = false
python-versions = "*"
files = [
    {file = "isodate-0.6.1-py2.py3-none-any.whl", hash = "sha256:0751eece944162659049d35f4f549ed815792b38793f07cf73381c1c87cbed96"},
    {file = "isodate-0.6.1.tar.gz", hash = "sha256:48c5881de7e8b0a0d648cb024c8062dc84e7b840ed81e864c7614fd3c127bde9"},
]

[package.dependencies]
six = "*"

[[package]]
name = "maturin"
version = "1.6.0"
description = "Build and publish crates with pyo3, cffi and uniffi bindings as well as rust binaries as python packages"
optional = false
python-versions = ">=3.7"
files = [
    {file = "maturin-1.6.0-py3-none-linux_armv6l.whl", hash = "sha256:d8620970bd0b6a0acb99dbd0b1c2ebb7a69909d25f6023bdff9635a39001aa51"},
    {file = "maturin-1.6.0-py3-none-macosx_10_12_x86_64.macosx_11_0_arm64.macosx_10_12_universal2.whl", hash = "sha256:bd85edcb1b8e2bcddc1b7d16ce58ce00a66aa80c422745c8ad9e132ac40d4b48"},
    {file = "maturin-1.6.0-py3-none-macosx_10_12_x86_64.whl", hash = "sha256:337899784955934dd67b30497d1dd5fab22da89f60bb079dbaf2eaa446b97a10"},
    {file = "maturin-1.6.0-py3-none-manylinux_2_12_i686.manylinux2010_i686.musllinux_1_1_i686.whl", hash = "sha256:dbbbf25dc3c207b0a7bd4f3aea1df33d4f22b8508592796a6f36f4d8ed216db0"},
    {file = "maturin-1.6.0-py3-none-manylinux_2_12_x86_64.manylinux2010_x86_64.musllinux_1_1_x86_64.whl", hash = "sha256:d92b045e90ed919a8a2520dda64e3f384e5e746ea51e1498cc6ac3e9e5c76054"},
    {file = "maturin-1.6.0-py3-none-manylinux_2_17_aarch64.manylinux2014_aarch64.musllinux_1_1_aarch64.whl", hash = "sha256:d67ca8dc7f3b2314bd3bf83c4de52645e220ee312fd526e53acc6a735f233fad"},
    {file = "maturin-1.6.0-py3-none-manylinux_2_17_armv7l.manylinux2014_armv7l.musllinux_1_1_armv7l.whl", hash = "sha256:aa4eb7dca7d246b466392f21016f67ff09a9aff2305fa714ca25a2344e4639e7"},
    {file = "maturin-1.6.0-py3-none-manylinux_2_17_ppc64le.manylinux2014_ppc64le.musllinux_1_1_ppc64le.whl", hash = "sha256:16ef860df20028618b5a064da06b02c1c47acba064a4d25aaf84662a459ec599"},
    {file = "maturin-1.6.0-py3-none-manylinux_2_17_s390x.manylinux2014_s390x.whl", hash = "sha256:4e931c92037128ade49cd26dd040d9c46ad8092d8170cc44f5c3a0b4a052d576"},
    {file = "maturin-1.6.0-py3-none-win32.whl", hash = "sha256:c87d1a7596c42b589099adb831343a56e02373588366e4cede96cbdf8bd68f9d"},
    {file = "maturin-1.6.0-py3-none-win_amd64.whl", hash = "sha256:a2a2436628c36d98dabd79b52256df7e12fc4fd1b122984d9373fdf918fd4609"},
    {file = "maturin-1.6.0-py3-none-win_arm64.whl", hash = "sha256:50133965e52d8b5b969381fee3fde111ae2383905cdaba7650f256e08ccddcd4"},
    {file = "maturin-1.6.0.tar.gz", hash = "sha256:b955025c24c8babc808db49e0ff90db8b4b1320dcc16b14eb26132841737230d"},
]

[package.dependencies]
tomli = {version = ">=1.1.0", markers = "python_version < \"3.11\""}

[package.extras]
patchelf = ["patchelf"]
zig = ["ziglang (>=0.10.0,<0.13.0)"]

[[package]]
name = "pyparsing"
version = "3.1.2"
description = "pyparsing module - Classes and methods to define and execute parsing grammars"
optional = false
python-versions = ">=3.6.8"
files = [
    {file = "pyparsing-3.1.2-py3-none-any.whl", hash = "sha256:f9db75911801ed778fe61bb643079ff86601aca99fcae6345aa67292038fb742"},
    {file = "pyparsing-3.1.2.tar.gz", hash = "sha256:a1bac0ce561155ecc3ed78ca94d3c9378656ad4c94c1270de543f621420f94ad"},
]

[package.extras]
diagrams = ["jinja2", "railroad-diagrams"]

[[package]]
name = "rdflib"
version = "7.0.0"
description = "RDFLib is a Python library for working with RDF, a simple yet powerful language for representing information."
optional = false
python-versions = ">=3.8.1,<4.0.0"
files = [
    {file = "rdflib-7.0.0-py3-none-any.whl", hash = "sha256:0438920912a642c866a513de6fe8a0001bd86ef975057d6962c79ce4771687cd"},
    {file = "rdflib-7.0.0.tar.gz", hash = "sha256:9995eb8569428059b8c1affd26b25eac510d64f5043d9ce8c84e0d0036e995ae"},
]

[package.dependencies]
isodate = ">=0.6.0,<0.7.0"
pyparsing = ">=2.1.0,<4"

[package.extras]
berkeleydb = ["berkeleydb (>=18.1.0,<19.0.0)"]
html = ["html5lib (>=1.0,<2.0)"]
lxml = ["lxml (>=4.3.0,<5.0.0)"]
networkx = ["networkx (>=2.0.0,<3.0.0)"]

[[package]]
name = "six"
version = "1.16.0"
description = "Python 2 and 3 compatibility utilities"
optional = false
python-versions = ">=2.7, !=3.0.*, !=3.1.*, !=3.2.*"
files = [
    {file = "six-1.16.0-py2.py3-none-any.whl", hash = "sha256:8abb2f1d86890a2dfb989f9a77cfcfd3e47c2a354b01111771326f8aa26e0254"},
    {file = "six-1.16.0.tar.gz", hash = "sha256:1e61c37477a1626458e36f7b1d82aa5c9b094fa4802892072e49de9c60c4c926"},
]

[[package]]
name = "tomli"
version = "2.0.1"
description = "A lil' TOML parser"
optional = false
python-versions = ">=3.7"
files = [
    {file = "tomli-2.0.1-py3-none-any.whl", hash = "sha256:939de3e7a6161af0c887ef91b7d41a53e7c5a1ca976325f429cb46ea9bc30ecc"},
    {file = "tomli-2.0.1.tar.gz", hash = "sha256:de526c12914f0c550d15924c62d72abc48d6fe7364aa87328337a31007fe8a4f"},
]

[metadata]
lock-version = "2.0"
python-versions = "^3.9"
content-hash = "a2d6be1802bfac7f5dbe129e579003bfc527bf4af88f52329a352b57d4fdf4a3"
