# This file is automatically @generated by Poetry 1.8.3 and should not be changed by hand.

[[package]]
name = "isodate"
version = "0.6.1"
description = "An ISO 8601 date/time/duration parser and formatter"
optional = false
python-versions = "*"
files = [
    {file = "isodate-0.6.1-py2.py3-none-any.whl", hash = "sha256:0751eece944162659049d35f4f549ed815792b38793f07cf73381c1c87cbed96"},
    {file = "isodate-0.6.1.tar.gz", hash = "sha256:48c5881de7e8b0a0d648cb024c8062dc84e7b840ed81e864c7614fd3c127bde9"},
]

[package.dependencies]
six = "*"

[[package]]
name = "maturin"
version = "1.7.0"
description = "Build and publish crates with pyo3, cffi and uniffi bindings as well as rust binaries as python packages"
optional = false
python-versions = ">=3.7"
files = [
    {file = "maturin-1.7.0-py3-none-linux_armv6l.whl", hash = "sha256:15fe7920391a128897714f6ed38ebbc771150410b795a55cefca73f089d5aecb"},
    {file = "maturin-1.7.0-py3-none-macosx_10_12_x86_64.macosx_11_0_arm64.macosx_10_12_universal2.whl", hash = "sha256:87a1fae70f1a6ad694832c735abf9f010edc4971c5cf89d2e7a54651a1a3792a"},
    {file = "maturin-1.7.0-py3-none-macosx_10_12_x86_64.whl", hash = "sha256:6fd312c56846d3cafa7c45e362d96b526170e79b9adb5b8ea02a10c88906069c"},
    {file = "maturin-1.7.0-py3-none-manylinux_2_12_i686.manylinux2010_i686.musllinux_1_1_i686.whl", hash = "sha256:928b82ceba924b1642c53f6684271e814b5ce5049cb4d35ff36bed078837eb83"},
    {file = "maturin-1.7.0-py3-none-manylinux_2_12_x86_64.manylinux2010_x86_64.musllinux_1_1_x86_64.whl", hash = "sha256:7460122333971b2492154c102d2981ae337ae0486dde7f4df7e645d724de59a5"},
    {file = "maturin-1.7.0-py3-none-manylinux_2_17_aarch64.manylinux2014_aarch64.musllinux_1_1_aarch64.whl", hash = "sha256:1f521ebe0344db8260df0d12779aefc06c1f763cd654151cf4a238fe14f65dc1"},
    {file = "maturin-1.7.0-py3-none-manylinux_2_17_armv7l.manylinux2014_armv7l.musllinux_1_1_armv7l.whl", hash = "sha256:0af4f2a4cfb99206d414dec138dd3aac3f506eb8928b7e38dfac570461b393d6"},
    {file = "maturin-1.7.0-py3-none-manylinux_2_17_ppc64le.manylinux2014_ppc64le.musllinux_1_1_ppc64le.whl", hash = "sha256:29187d5c3e1e166c14eaadc63a8adc25b6bbb3e5b055d1bc87f6ca92b4b6e331"},
    {file = "maturin-1.7.0-py3-none-manylinux_2_17_s390x.manylinux2014_s390x.whl", hash = "sha256:e9cd5b992b6c131c5f47c85e7bc266bf5bf94f29720856678431ce6c91b726df"},
    {file = "maturin-1.7.0-py3-none-win32.whl", hash = "sha256:c1ae0b4162fb1152aea83098bf1b66a7bf6dd73fd1b108e6c4e22160118a997c"},
    {file = "maturin-1.7.0-py3-none-win_amd64.whl", hash = "sha256:2bd8227e020a9308c076253f29224c53b08b2a4ed41fcd94b4eb9349684fcfe7"},
    {file = "maturin-1.7.0-py3-none-win_arm64.whl", hash = "sha256:7c05226547778f31b73d48a19d11f57792bcc44f4047b84c73ea66cae2e62473"},
    {file = "maturin-1.7.0.tar.gz", hash = "sha256:1ba5277dd7832dc6181d69a005182b97b3520945825058484ffd9296f2efb59c"},
]

[package.dependencies]
tomli = {version = ">=1.1.0", markers = "python_version < \"3.11\""}

[package.extras]
patchelf = ["patchelf"]
zig = ["ziglang (>=0.10.0,<0.13.0)"]

[[package]]
name = "pyparsing"
version = "3.1.2"
description = "pyparsing module - Classes and methods to define and execute parsing grammars"
optional = false
python-versions = ">=3.6.8"
files = [
    {file = "pyparsing-3.1.2-py3-none-any.whl", hash = "sha256:f9db75911801ed778fe61bb643079ff86601aca99fcae6345aa67292038fb742"},
    {file = "pyparsing-3.1.2.tar.gz", hash = "sha256:a1bac0ce561155ecc3ed78ca94d3c9378656ad4c94c1270de543f621420f94ad"},
]

[package.extras]
diagrams = ["jinja2", "railroad-diagrams"]

[[package]]
name = "rdflib"
version = "7.0.0"
description = "RDFLib is a Python library for working with RDF, a simple yet powerful language for representing information."
optional = false
python-versions = ">=3.8.1,<4.0.0"
files = [
    {file = "rdflib-7.0.0-py3-none-any.whl", hash = "sha256:0438920912a642c866a513de6fe8a0001bd86ef975057d6962c79ce4771687cd"},
    {file = "rdflib-7.0.0.tar.gz", hash = "sha256:9995eb8569428059b8c1affd26b25eac510d64f5043d9ce8c84e0d0036e995ae"},
]

[package.dependencies]
isodate = ">=0.6.0,<0.7.0"
pyparsing = ">=2.1.0,<4"

[package.extras]
berkeleydb = ["berkeleydb (>=18.1.0,<19.0.0)"]
html = ["html5lib (>=1.0,<2.0)"]
lxml = ["lxml (>=4.3.0,<5.0.0)"]
networkx = ["networkx (>=2.0.0,<3.0.0)"]

[[package]]
name = "six"
version = "1.16.0"
description = "Python 2 and 3 compatibility utilities"
optional = false
python-versions = ">=2.7, !=3.0.*, !=3.1.*, !=3.2.*"
files = [
    {file = "six-1.16.0-py2.py3-none-any.whl", hash = "sha256:8abb2f1d86890a2dfb989f9a77cfcfd3e47c2a354b01111771326f8aa26e0254"},
    {file = "six-1.16.0.tar.gz", hash = "sha256:1e61c37477a1626458e36f7b1d82aa5c9b094fa4802892072e49de9c60c4c926"},
]

[[package]]
name = "tomli"
version = "2.0.1"
description = "A lil' TOML parser"
optional = false
python-versions = ">=3.7"
files = [
    {file = "tomli-2.0.1-py3-none-any.whl", hash = "sha256:939de3e7a6161af0c887ef91b7d41a53e7c5a1ca976325f429cb46ea9bc30ecc"},
    {file = "tomli-2.0.1.tar.gz", hash = "sha256:de526c12914f0c550d15924c62d72abc48d6fe7364aa87328337a31007fe8a4f"},
]

[metadata]
lock-version = "2.0"
python-versions = "^3.9"
content-hash = "a2d6be1802bfac7f5dbe129e579003bfc527bf4af88f52329a352b57d4fdf4a3"
